// !$*UTF8*$!
{
	archiveVersion = 1;
	classes = {
	};
	objectVersion = 46;
	objects = {

/* Begin PBXBuildFile section */
		0E13CA441F3325760078BCBF /* NetTests.swift in Sources */ = {isa = PBXBuildFile; fileRef = 0E13CA431F3325760078BCBF /* NetTests.swift */; };
		0E13CA461F3325760078BCBF /* PocketNet.h in Headers */ = {isa = PBXBuildFile; fileRef = 0E13CA381F3325750078BCBF /* PocketNet.h */; settings = {ATTRIBUTES = (Public, ); }; };
		0E13CA581F3325950078BCBF /* FormData.swift in Sources */ = {isa = PBXBuildFile; fileRef = 0E13CA501F3325950078BCBF /* FormData.swift */; };
		0E13CA591F3325950078BCBF /* PocketNet.swift in Sources */ = {isa = PBXBuildFile; fileRef = 0E13CA511F3325950078BCBF /* PocketNet.swift */; };
		0E13CA5A1F3325950078BCBF /* PocketAlamofireAdapter.swift in Sources */ = {isa = PBXBuildFile; fileRef = 0E13CA531F3325950078BCBF /* PocketAlamofireAdapter.swift */; };
		0E13CA5B1F3325950078BCBF /* PocketNetAlamofire.swift in Sources */ = {isa = PBXBuildFile; fileRef = 0E13CA541F3325950078BCBF /* PocketNetAlamofire.swift */; };
		0E13CA5C1F3325950078BCBF /* NetError.swift in Sources */ = {isa = PBXBuildFile; fileRef = 0E13CA551F3325950078BCBF /* NetError.swift */; };
		0E13CA5D1F3325950078BCBF /* NetworkResponse.swift in Sources */ = {isa = PBXBuildFile; fileRef = 0E13CA561F3325950078BCBF /* NetworkResponse.swift */; };
		0E13CA5E1F3325950078BCBF /* NetRequest.swift in Sources */ = {isa = PBXBuildFile; fileRef = 0E13CA571F3325950078BCBF /* NetRequest.swift */; };
		0E13CA631F348C500078BCBF /* NetSupport.swift in Sources */ = {isa = PBXBuildFile; fileRef = 0E13CA601F348C500078BCBF /* NetSupport.swift */; };
		0E633A141FEBCBF0004E4668 /* CustomSessionDelegate.swift in Sources */ = {isa = PBXBuildFile; fileRef = 0E633A131FEBCBF0004E4668 /* CustomSessionDelegate.swift */; };
		0E633A161FEBCC43004E4668 /* CustomServerTrustPolicyManager.swift in Sources */ = {isa = PBXBuildFile; fileRef = 0E633A151FEBCC43004E4668 /* CustomServerTrustPolicyManager.swift */; };
		0E995725204D4CAC00FFB0EB /* PocketResult.swift in Sources */ = {isa = PBXBuildFile; fileRef = 0E995724204D4CAC00FFB0EB /* PocketResult.swift */; };
		0E995777204EF6A300FFB0EB /* TaskDelegate.swift in Sources */ = {isa = PBXBuildFile; fileRef = 0E99574A204EF6A300FFB0EB /* TaskDelegate.swift */; };
		0E995778204EF6A300FFB0EB /* MultipartFormData.swift in Sources */ = {isa = PBXBuildFile; fileRef = 0E99574B204EF6A300FFB0EB /* MultipartFormData.swift */; };
		0E995779204EF6A300FFB0EB /* NetworkReachabilityManager.swift in Sources */ = {isa = PBXBuildFile; fileRef = 0E99574C204EF6A300FFB0EB /* NetworkReachabilityManager.swift */; };
		0E99577A204EF6A300FFB0EB /* Timeline.swift in Sources */ = {isa = PBXBuildFile; fileRef = 0E99574D204EF6A300FFB0EB /* Timeline.swift */; };
		0E99577B204EF6A300FFB0EB /* DispatchQueue+Alamofire.swift in Sources */ = {isa = PBXBuildFile; fileRef = 0E99574E204EF6A300FFB0EB /* DispatchQueue+Alamofire.swift */; };
		0E99577C204EF6A300FFB0EB /* Result.swift in Sources */ = {isa = PBXBuildFile; fileRef = 0E99574F204EF6A300FFB0EB /* Result.swift */; };
		0E99577D204EF6A300FFB0EB /* ParameterEncoding.swift in Sources */ = {isa = PBXBuildFile; fileRef = 0E995750204EF6A300FFB0EB /* ParameterEncoding.swift */; };
		0E99577E204EF6A300FFB0EB /* AFError.swift in Sources */ = {isa = PBXBuildFile; fileRef = 0E995751204EF6A300FFB0EB /* AFError.swift */; };
		0E99577F204EF6A300FFB0EB /* Validation.swift in Sources */ = {isa = PBXBuildFile; fileRef = 0E995752204EF6A300FFB0EB /* Validation.swift */; };
		0E995780204EF6A300FFB0EB /* Notifications.swift in Sources */ = {isa = PBXBuildFile; fileRef = 0E995753204EF6A300FFB0EB /* Notifications.swift */; };
		0E995781204EF6A300FFB0EB /* Response.swift in Sources */ = {isa = PBXBuildFile; fileRef = 0E995754204EF6A300FFB0EB /* Response.swift */; };
		0E995782204EF6A300FFB0EB /* Alamofire.swift in Sources */ = {isa = PBXBuildFile; fileRef = 0E995755204EF6A300FFB0EB /* Alamofire.swift */; };
		0E995783204EF6A300FFB0EB /* Request.swift in Sources */ = {isa = PBXBuildFile; fileRef = 0E995756204EF6A300FFB0EB /* Request.swift */; };
		0E995784204EF6A300FFB0EB /* SessionManager.swift in Sources */ = {isa = PBXBuildFile; fileRef = 0E995757204EF6A300FFB0EB /* SessionManager.swift */; };
		0E995785204EF6A300FFB0EB /* ResponseSerialization.swift in Sources */ = {isa = PBXBuildFile; fileRef = 0E995758204EF6A300FFB0EB /* ResponseSerialization.swift */; };
		0E995786204EF6A300FFB0EB /* ServerTrustPolicy.swift in Sources */ = {isa = PBXBuildFile; fileRef = 0E995759204EF6A300FFB0EB /* ServerTrustPolicy.swift */; };
		0E995787204EF6A300FFB0EB /* SessionDelegate.swift in Sources */ = {isa = PBXBuildFile; fileRef = 0E99575A204EF6A300FFB0EB /* SessionDelegate.swift */; };
		0EAB74AF204FE7400021F07E /* ReqresLogging.swift in Sources */ = {isa = PBXBuildFile; fileRef = 0EAB74AC204FE7400021F07E /* ReqresLogging.swift */; };
		0EAB74B0204FE7400021F07E /* ReqresDefaultLogger.swift in Sources */ = {isa = PBXBuildFile; fileRef = 0EAB74AD204FE7400021F07E /* ReqresDefaultLogger.swift */; };
		0EAB74B1204FE7400021F07E /* Reqres.swift in Sources */ = {isa = PBXBuildFile; fileRef = 0EAB74AE204FE7400021F07E /* Reqres.swift */; };
		0EAB74B7204FEAD20021F07E /* ReqresLicense in Resources */ = {isa = PBXBuildFile; fileRef = 0EAB74B6204FEAD20021F07E /* ReqresLicense */; };
		0EAB74B9204FEAF10021F07E /* AlamofireLicense in Resources */ = {isa = PBXBuildFile; fileRef = 0EAB74B8204FEAF00021F07E /* AlamofireLicense */; };
		0ED1B8A61F9F610100D9BE0B /* PocketNet.framework in Frameworks */ = {isa = PBXBuildFile; fileRef = 0E13CA351F3325750078BCBF /* PocketNet.framework */; settings = {ATTRIBUTES = (Required, ); }; };
/* End PBXBuildFile section */

/* Begin PBXContainerItemProxy section */
		0E13CA401F3325760078BCBF /* PBXContainerItemProxy */ = {
			isa = PBXContainerItemProxy;
			containerPortal = 0E13CA2C1F3325750078BCBF /* Project object */;
			proxyType = 1;
			remoteGlobalIDString = 0E13CA341F3325750078BCBF;
			remoteInfo = Net;
		};
/* End PBXContainerItemProxy section */

/* Begin PBXFileReference section */
		0E13CA351F3325750078BCBF /* PocketNet.framework */ = {isa = PBXFileReference; explicitFileType = wrapper.framework; includeInIndex = 0; path = PocketNet.framework; sourceTree = BUILT_PRODUCTS_DIR; };
		0E13CA381F3325750078BCBF /* PocketNet.h */ = {isa = PBXFileReference; lastKnownFileType = sourcecode.c.h; path = PocketNet.h; sourceTree = "<group>"; };
		0E13CA391F3325750078BCBF /* Info.plist */ = {isa = PBXFileReference; lastKnownFileType = text.plist.xml; path = Info.plist; sourceTree = "<group>"; };
		0E13CA3E1F3325760078BCBF /* PocketNetTests.xctest */ = {isa = PBXFileReference; explicitFileType = wrapper.cfbundle; includeInIndex = 0; path = PocketNetTests.xctest; sourceTree = BUILT_PRODUCTS_DIR; };
		0E13CA431F3325760078BCBF /* NetTests.swift */ = {isa = PBXFileReference; lastKnownFileType = sourcecode.swift; path = NetTests.swift; sourceTree = "<group>"; };
		0E13CA451F3325760078BCBF /* Info.plist */ = {isa = PBXFileReference; lastKnownFileType = text.plist.xml; path = Info.plist; sourceTree = "<group>"; };
		0E13CA501F3325950078BCBF /* FormData.swift */ = {isa = PBXFileReference; fileEncoding = 4; lastKnownFileType = sourcecode.swift; path = FormData.swift; sourceTree = "<group>"; };
		0E13CA511F3325950078BCBF /* PocketNet.swift */ = {isa = PBXFileReference; fileEncoding = 4; lastKnownFileType = sourcecode.swift; path = PocketNet.swift; sourceTree = "<group>"; };
		0E13CA531F3325950078BCBF /* PocketAlamofireAdapter.swift */ = {isa = PBXFileReference; fileEncoding = 4; lastKnownFileType = sourcecode.swift; path = PocketAlamofireAdapter.swift; sourceTree = "<group>"; };
		0E13CA541F3325950078BCBF /* PocketNetAlamofire.swift */ = {isa = PBXFileReference; fileEncoding = 4; lastKnownFileType = sourcecode.swift; path = PocketNetAlamofire.swift; sourceTree = "<group>"; };
		0E13CA551F3325950078BCBF /* NetError.swift */ = {isa = PBXFileReference; fileEncoding = 4; lastKnownFileType = sourcecode.swift; path = NetError.swift; sourceTree = "<group>"; };
		0E13CA561F3325950078BCBF /* NetworkResponse.swift */ = {isa = PBXFileReference; fileEncoding = 4; lastKnownFileType = sourcecode.swift; path = NetworkResponse.swift; sourceTree = "<group>"; };
		0E13CA571F3325950078BCBF /* NetRequest.swift */ = {isa = PBXFileReference; fileEncoding = 4; lastKnownFileType = sourcecode.swift; path = NetRequest.swift; sourceTree = "<group>"; };
		0E13CA601F348C500078BCBF /* NetSupport.swift */ = {isa = PBXFileReference; fileEncoding = 4; lastKnownFileType = sourcecode.swift; path = NetSupport.swift; sourceTree = "<group>"; };
		0E633A131FEBCBF0004E4668 /* CustomSessionDelegate.swift */ = {isa = PBXFileReference; fileEncoding = 4; lastKnownFileType = sourcecode.swift; path = CustomSessionDelegate.swift; sourceTree = "<group>"; };
		0E633A151FEBCC43004E4668 /* CustomServerTrustPolicyManager.swift */ = {isa = PBXFileReference; fileEncoding = 4; lastKnownFileType = sourcecode.swift; path = CustomServerTrustPolicyManager.swift; sourceTree = "<group>"; };
		0E995724204D4CAC00FFB0EB /* PocketResult.swift */ = {isa = PBXFileReference; fileEncoding = 4; lastKnownFileType = sourcecode.swift; path = PocketResult.swift; sourceTree = "<group>"; };
		0E99574A204EF6A300FFB0EB /* TaskDelegate.swift */ = {isa = PBXFileReference; fileEncoding = 4; lastKnownFileType = sourcecode.swift; path = TaskDelegate.swift; sourceTree = "<group>"; };
		0E99574B204EF6A300FFB0EB /* MultipartFormData.swift */ = {isa = PBXFileReference; fileEncoding = 4; lastKnownFileType = sourcecode.swift; path = MultipartFormData.swift; sourceTree = "<group>"; };
		0E99574C204EF6A300FFB0EB /* NetworkReachabilityManager.swift */ = {isa = PBXFileReference; fileEncoding = 4; lastKnownFileType = sourcecode.swift; path = NetworkReachabilityManager.swift; sourceTree = "<group>"; };
		0E99574D204EF6A300FFB0EB /* Timeline.swift */ = {isa = PBXFileReference; fileEncoding = 4; lastKnownFileType = sourcecode.swift; path = Timeline.swift; sourceTree = "<group>"; };
		0E99574E204EF6A300FFB0EB /* DispatchQueue+Alamofire.swift */ = {isa = PBXFileReference; fileEncoding = 4; lastKnownFileType = sourcecode.swift; path = "DispatchQueue+Alamofire.swift"; sourceTree = "<group>"; };
		0E99574F204EF6A300FFB0EB /* Result.swift */ = {isa = PBXFileReference; fileEncoding = 4; lastKnownFileType = sourcecode.swift; path = Result.swift; sourceTree = "<group>"; };
		0E995750204EF6A300FFB0EB /* ParameterEncoding.swift */ = {isa = PBXFileReference; fileEncoding = 4; lastKnownFileType = sourcecode.swift; path = ParameterEncoding.swift; sourceTree = "<group>"; };
		0E995751204EF6A300FFB0EB /* AFError.swift */ = {isa = PBXFileReference; fileEncoding = 4; lastKnownFileType = sourcecode.swift; path = AFError.swift; sourceTree = "<group>"; };
		0E995752204EF6A300FFB0EB /* Validation.swift */ = {isa = PBXFileReference; fileEncoding = 4; lastKnownFileType = sourcecode.swift; path = Validation.swift; sourceTree = "<group>"; };
		0E995753204EF6A300FFB0EB /* Notifications.swift */ = {isa = PBXFileReference; fileEncoding = 4; lastKnownFileType = sourcecode.swift; path = Notifications.swift; sourceTree = "<group>"; };
		0E995754204EF6A300FFB0EB /* Response.swift */ = {isa = PBXFileReference; fileEncoding = 4; lastKnownFileType = sourcecode.swift; path = Response.swift; sourceTree = "<group>"; };
		0E995755204EF6A300FFB0EB /* Alamofire.swift */ = {isa = PBXFileReference; fileEncoding = 4; lastKnownFileType = sourcecode.swift; path = Alamofire.swift; sourceTree = "<group>"; };
		0E995756204EF6A300FFB0EB /* Request.swift */ = {isa = PBXFileReference; fileEncoding = 4; lastKnownFileType = sourcecode.swift; path = Request.swift; sourceTree = "<group>"; };
		0E995757204EF6A300FFB0EB /* SessionManager.swift */ = {isa = PBXFileReference; fileEncoding = 4; lastKnownFileType = sourcecode.swift; path = SessionManager.swift; sourceTree = "<group>"; };
		0E995758204EF6A300FFB0EB /* ResponseSerialization.swift */ = {isa = PBXFileReference; fileEncoding = 4; lastKnownFileType = sourcecode.swift; path = ResponseSerialization.swift; sourceTree = "<group>"; };
		0E995759204EF6A300FFB0EB /* ServerTrustPolicy.swift */ = {isa = PBXFileReference; fileEncoding = 4; lastKnownFileType = sourcecode.swift; path = ServerTrustPolicy.swift; sourceTree = "<group>"; };
		0E99575A204EF6A300FFB0EB /* SessionDelegate.swift */ = {isa = PBXFileReference; fileEncoding = 4; lastKnownFileType = sourcecode.swift; path = SessionDelegate.swift; sourceTree = "<group>"; };
		0EAB74AC204FE7400021F07E /* ReqresLogging.swift */ = {isa = PBXFileReference; fileEncoding = 4; lastKnownFileType = sourcecode.swift; path = ReqresLogging.swift; sourceTree = "<group>"; };
		0EAB74AD204FE7400021F07E /* ReqresDefaultLogger.swift */ = {isa = PBXFileReference; fileEncoding = 4; lastKnownFileType = sourcecode.swift; path = ReqresDefaultLogger.swift; sourceTree = "<group>"; };
		0EAB74AE204FE7400021F07E /* Reqres.swift */ = {isa = PBXFileReference; fileEncoding = 4; lastKnownFileType = sourcecode.swift; path = Reqres.swift; sourceTree = "<group>"; };
		0EAB74B6204FEAD20021F07E /* ReqresLicense */ = {isa = PBXFileReference; lastKnownFileType = folder; path = ReqresLicense; sourceTree = "<group>"; };
		0EAB74B8204FEAF00021F07E /* AlamofireLicense */ = {isa = PBXFileReference; lastKnownFileType = folder; path = AlamofireLicense; sourceTree = "<group>"; };
/* End PBXFileReference section */

/* Begin PBXFrameworksBuildPhase section */
		0E13CA311F3325750078BCBF /* Frameworks */ = {
			isa = PBXFrameworksBuildPhase;
			buildActionMask = 2147483647;
			files = (
			);
			runOnlyForDeploymentPostprocessing = 0;
		};
		0E13CA3B1F3325760078BCBF /* Frameworks */ = {
			isa = PBXFrameworksBuildPhase;
			buildActionMask = 2147483647;
			files = (
				0ED1B8A61F9F610100D9BE0B /* PocketNet.framework in Frameworks */,
			);
			runOnlyForDeploymentPostprocessing = 0;
		};
/* End PBXFrameworksBuildPhase section */

/* Begin PBXGroup section */
		0E13CA2B1F3325750078BCBF = {
			isa = PBXGroup;
			children = (
				0E99573E204EF67000FFB0EB /* StaticPods */,
				0E13CA371F3325750078BCBF /* PocketNet */,
				0E13CA421F3325760078BCBF /* PocketNetTests */,
				0E13CA361F3325750078BCBF /* Products */,
				999C84A647339EACA2A0FC49 /* Frameworks */,
			);
			sourceTree = "<group>";
		};
		0E13CA361F3325750078BCBF /* Products */ = {
			isa = PBXGroup;
			children = (
				0E13CA351F3325750078BCBF /* PocketNet.framework */,
				0E13CA3E1F3325760078BCBF /* PocketNetTests.xctest */,
			);
			name = Products;
			sourceTree = "<group>";
		};
		0E13CA371F3325750078BCBF /* PocketNet */ = {
			isa = PBXGroup;
			children = (
				0E13CA381F3325750078BCBF /* PocketNet.h */,
				0E13CA4F1F3325950078BCBF /* Net */,
				0E13CA391F3325750078BCBF /* Info.plist */,
			);
			path = PocketNet;
			sourceTree = "<group>";
		};
		0E13CA421F3325760078BCBF /* PocketNetTests */ = {
			isa = PBXGroup;
			children = (
				0E13CA431F3325760078BCBF /* NetTests.swift */,
				0E13CA451F3325760078BCBF /* Info.plist */,
			);
			path = PocketNetTests;
			sourceTree = "<group>";
		};
		0E13CA4F1F3325950078BCBF /* Net */ = {
			isa = PBXGroup;
			children = (
				0E995724204D4CAC00FFB0EB /* PocketResult.swift */,
				0E13CA511F3325950078BCBF /* PocketNet.swift */,
				0E13CA601F348C500078BCBF /* NetSupport.swift */,
				0E13CA571F3325950078BCBF /* NetRequest.swift */,
				0E13CA501F3325950078BCBF /* FormData.swift */,
				0E13CA521F3325950078BCBF /* PocketNetAlamoFire */,
				0E13CA551F3325950078BCBF /* NetError.swift */,
				0E13CA561F3325950078BCBF /* NetworkResponse.swift */,
			);
			path = Net;
			sourceTree = "<group>";
		};
		0E13CA521F3325950078BCBF /* PocketNetAlamoFire */ = {
			isa = PBXGroup;
			children = (
				0E633A151FEBCC43004E4668 /* CustomServerTrustPolicyManager.swift */,
				0E633A131FEBCBF0004E4668 /* CustomSessionDelegate.swift */,
				0E13CA531F3325950078BCBF /* PocketAlamofireAdapter.swift */,
				0E13CA541F3325950078BCBF /* PocketNetAlamofire.swift */,
			);
			path = PocketNetAlamoFire;
			sourceTree = "<group>";
		};
		0E99573E204EF67000FFB0EB /* StaticPods */ = {
			isa = PBXGroup;
			children = (
				0EAB74AB204FE7400021F07E /* Reqres */,
				0E995747204EF6A300FFB0EB /* Alamofire */,
			);
			path = StaticPods;
			sourceTree = "<group>";
		};
		0E995747204EF6A300FFB0EB /* Alamofire */ = {
			isa = PBXGroup;
			children = (
				0EAB74B8204FEAF00021F07E /* AlamofireLicense */,
				0E995749204EF6A300FFB0EB /* Source */,
			);
			path = Alamofire;
			sourceTree = "<group>";
		};
		0E995749204EF6A300FFB0EB /* Source */ = {
			isa = PBXGroup;
			children = (
				0E99574A204EF6A300FFB0EB /* TaskDelegate.swift */,
				0E99574B204EF6A300FFB0EB /* MultipartFormData.swift */,
				0E99574C204EF6A300FFB0EB /* NetworkReachabilityManager.swift */,
				0E99574D204EF6A300FFB0EB /* Timeline.swift */,
				0E99574E204EF6A300FFB0EB /* DispatchQueue+Alamofire.swift */,
				0E99574F204EF6A300FFB0EB /* Result.swift */,
				0E995750204EF6A300FFB0EB /* ParameterEncoding.swift */,
				0E995751204EF6A300FFB0EB /* AFError.swift */,
				0E995752204EF6A300FFB0EB /* Validation.swift */,
				0E995753204EF6A300FFB0EB /* Notifications.swift */,
				0E995754204EF6A300FFB0EB /* Response.swift */,
				0E995755204EF6A300FFB0EB /* Alamofire.swift */,
				0E995756204EF6A300FFB0EB /* Request.swift */,
				0E995757204EF6A300FFB0EB /* SessionManager.swift */,
				0E995758204EF6A300FFB0EB /* ResponseSerialization.swift */,
				0E995759204EF6A300FFB0EB /* ServerTrustPolicy.swift */,
				0E99575A204EF6A300FFB0EB /* SessionDelegate.swift */,
			);
			path = Source;
			sourceTree = "<group>";
		};
		0EAB74AB204FE7400021F07E /* Reqres */ = {
			isa = PBXGroup;
			children = (
				0EAB74B6204FEAD20021F07E /* ReqresLicense */,
				0EAB74B4204FE7BE0021F07E /* Source */,
			);
			path = Reqres;
			sourceTree = "<group>";
		};
		0EAB74B4204FE7BE0021F07E /* Source */ = {
			isa = PBXGroup;
			children = (
				0EAB74AC204FE7400021F07E /* ReqresLogging.swift */,
				0EAB74AD204FE7400021F07E /* ReqresDefaultLogger.swift */,
				0EAB74AE204FE7400021F07E /* Reqres.swift */,
			);
			path = Source;
			sourceTree = "<group>";
		};
		999C84A647339EACA2A0FC49 /* Frameworks */ = {
			isa = PBXGroup;
			children = (
			);
			name = Frameworks;
			sourceTree = "<group>";
		};
/* End PBXGroup section */

/* Begin PBXHeadersBuildPhase section */
		0E13CA321F3325750078BCBF /* Headers */ = {
			isa = PBXHeadersBuildPhase;
			buildActionMask = 2147483647;
			files = (
				0E13CA461F3325760078BCBF /* PocketNet.h in Headers */,
			);
			runOnlyForDeploymentPostprocessing = 0;
		};
/* End PBXHeadersBuildPhase section */

/* Begin PBXNativeTarget section */
		0E13CA341F3325750078BCBF /* PocketNet */ = {
			isa = PBXNativeTarget;
			buildConfigurationList = 0E13CA491F3325760078BCBF /* Build configuration list for PBXNativeTarget "PocketNet" */;
			buildPhases = (
				0E13CA301F3325750078BCBF /* Sources */,
				0E13CA311F3325750078BCBF /* Frameworks */,
				0E13CA321F3325750078BCBF /* Headers */,
				0E13CA331F3325750078BCBF /* Resources */,
				0E67D92C1F8E5CC000A1B85C /* SwiftLint */,
			);
			buildRules = (
			);
			dependencies = (
			);
			name = PocketNet;
			productName = Net;
			productReference = 0E13CA351F3325750078BCBF /* PocketNet.framework */;
			productType = "com.apple.product-type.framework";
		};
		0E13CA3D1F3325760078BCBF /* PocketNetTests */ = {
			isa = PBXNativeTarget;
			buildConfigurationList = 0E13CA4C1F3325760078BCBF /* Build configuration list for PBXNativeTarget "PocketNetTests" */;
			buildPhases = (
				0E13CA3A1F3325760078BCBF /* Sources */,
				0E13CA3B1F3325760078BCBF /* Frameworks */,
				0E13CA3C1F3325760078BCBF /* Resources */,
			);
			buildRules = (
			);
			dependencies = (
				0E13CA411F3325760078BCBF /* PBXTargetDependency */,
			);
			name = PocketNetTests;
			productName = NetTests;
			productReference = 0E13CA3E1F3325760078BCBF /* PocketNetTests.xctest */;
			productType = "com.apple.product-type.bundle.unit-test";
		};
/* End PBXNativeTarget section */

/* Begin PBXProject section */
		0E13CA2C1F3325750078BCBF /* Project object */ = {
			isa = PBXProject;
			attributes = {
				LastSwiftUpdateCheck = 0830;
				LastUpgradeCheck = 0930;
				ORGANIZATIONNAME = "Jose Antonio García Yáñez";
				TargetAttributes = {
					0E13CA341F3325750078BCBF = {
						CreatedOnToolsVersion = 8.3.3;
						ProvisioningStyle = Automatic;
					};
					0E13CA3D1F3325760078BCBF = {
						CreatedOnToolsVersion = 8.3.3;
						ProvisioningStyle = Automatic;
					};
				};
			};
			buildConfigurationList = 0E13CA2F1F3325750078BCBF /* Build configuration list for PBXProject "PocketNet" */;
			compatibilityVersion = "Xcode 3.2";
			developmentRegion = English;
			hasScannedForEncodings = 0;
			knownRegions = (
				en,
			);
			mainGroup = 0E13CA2B1F3325750078BCBF;
			productRefGroup = 0E13CA361F3325750078BCBF /* Products */;
			projectDirPath = "";
			projectRoot = "";
			targets = (
				0E13CA341F3325750078BCBF /* PocketNet */,
				0E13CA3D1F3325760078BCBF /* PocketNetTests */,
			);
		};
/* End PBXProject section */

/* Begin PBXResourcesBuildPhase section */
		0E13CA331F3325750078BCBF /* Resources */ = {
			isa = PBXResourcesBuildPhase;
			buildActionMask = 2147483647;
			files = (
				0EAB74B7204FEAD20021F07E /* ReqresLicense in Resources */,
				0EAB74B9204FEAF10021F07E /* AlamofireLicense in Resources */,
			);
			runOnlyForDeploymentPostprocessing = 0;
		};
		0E13CA3C1F3325760078BCBF /* Resources */ = {
			isa = PBXResourcesBuildPhase;
			buildActionMask = 2147483647;
			files = (
			);
			runOnlyForDeploymentPostprocessing = 0;
		};
/* End PBXResourcesBuildPhase section */

/* Begin PBXShellScriptBuildPhase section */
		0E67D92C1F8E5CC000A1B85C /* SwiftLint */ = {
			isa = PBXShellScriptBuildPhase;
			buildActionMask = 2147483647;
			files = (
			);
			inputPaths = (
			);
			name = SwiftLint;
			outputPaths = (
			);
			runOnlyForDeploymentPostprocessing = 0;
			shellPath = /bin/sh;
			shellScript = "if which swiftlint >/dev/null; then\n    echo \"swiftLint deactivated\"BodyDeserializer#swiftlint #autocorrect\nelse\n    echo \"warning: SwiftLint not installed, download from https://github.com/realm/SwiftLint\"\nfi";
		};
/* End PBXShellScriptBuildPhase section */

/* Begin PBXSourcesBuildPhase section */
		0E13CA301F3325750078BCBF /* Sources */ = {
			isa = PBXSourcesBuildPhase;
			buildActionMask = 2147483647;
			files = (
				0E99577C204EF6A300FFB0EB /* Result.swift in Sources */,
				0E99577A204EF6A300FFB0EB /* Timeline.swift in Sources */,
				0E995780204EF6A300FFB0EB /* Notifications.swift in Sources */,
				0E633A141FEBCBF0004E4668 /* CustomSessionDelegate.swift in Sources */,
				0E13CA5E1F3325950078BCBF /* NetRequest.swift in Sources */,
				0E995778204EF6A300FFB0EB /* MultipartFormData.swift in Sources */,
				0E13CA631F348C500078BCBF /* NetSupport.swift in Sources */,
				0E633A161FEBCC43004E4668 /* CustomServerTrustPolicyManager.swift in Sources */,
				0E13CA5B1F3325950078BCBF /* PocketNetAlamofire.swift in Sources */,
				0E13CA581F3325950078BCBF /* FormData.swift in Sources */,
				0E13CA5C1F3325950078BCBF /* NetError.swift in Sources */,
				0E995784204EF6A300FFB0EB /* SessionManager.swift in Sources */,
				0E995785204EF6A300FFB0EB /* ResponseSerialization.swift in Sources */,
				0E995783204EF6A300FFB0EB /* Request.swift in Sources */,
				0E13CA591F3325950078BCBF /* PocketNet.swift in Sources */,
				0E995779204EF6A300FFB0EB /* NetworkReachabilityManager.swift in Sources */,
				0EAB74AF204FE7400021F07E /* ReqresLogging.swift in Sources */,
				0E99577F204EF6A300FFB0EB /* Validation.swift in Sources */,
				0E13CA5A1F3325950078BCBF /* PocketAlamofireAdapter.swift in Sources */,
				0E995786204EF6A300FFB0EB /* ServerTrustPolicy.swift in Sources */,
				0E99577D204EF6A300FFB0EB /* ParameterEncoding.swift in Sources */,
				0E995725204D4CAC00FFB0EB /* PocketResult.swift in Sources */,
				0E995782204EF6A300FFB0EB /* Alamofire.swift in Sources */,
				0E995787204EF6A300FFB0EB /* SessionDelegate.swift in Sources */,
				0EAB74B1204FE7400021F07E /* Reqres.swift in Sources */,
				0E99577B204EF6A300FFB0EB /* DispatchQueue+Alamofire.swift in Sources */,
				0E99577E204EF6A300FFB0EB /* AFError.swift in Sources */,
				0E995781204EF6A300FFB0EB /* Response.swift in Sources */,
				0E13CA5D1F3325950078BCBF /* NetworkResponse.swift in Sources */,
				0EAB74B0204FE7400021F07E /* ReqresDefaultLogger.swift in Sources */,
				0E995777204EF6A300FFB0EB /* TaskDelegate.swift in Sources */,
			);
			runOnlyForDeploymentPostprocessing = 0;
		};
		0E13CA3A1F3325760078BCBF /* Sources */ = {
			isa = PBXSourcesBuildPhase;
			buildActionMask = 2147483647;
			files = (
				0E13CA441F3325760078BCBF /* NetTests.swift in Sources */,
			);
			runOnlyForDeploymentPostprocessing = 0;
		};
/* End PBXSourcesBuildPhase section */

/* Begin PBXTargetDependency section */
		0E13CA411F3325760078BCBF /* PBXTargetDependency */ = {
			isa = PBXTargetDependency;
			target = 0E13CA341F3325750078BCBF /* PocketNet */;
			targetProxy = 0E13CA401F3325760078BCBF /* PBXContainerItemProxy */;
		};
/* End PBXTargetDependency section */

/* Begin XCBuildConfiguration section */
		0E13CA471F3325760078BCBF /* Debug */ = {
			isa = XCBuildConfiguration;
			buildSettings = {
				ALWAYS_SEARCH_USER_PATHS = NO;
				CLANG_ANALYZER_NONNULL = YES;
				CLANG_ANALYZER_NUMBER_OBJECT_CONVERSION = YES_AGGRESSIVE;
				CLANG_CXX_LANGUAGE_STANDARD = "gnu++0x";
				CLANG_CXX_LIBRARY = "libc++";
				CLANG_ENABLE_MODULES = YES;
				CLANG_ENABLE_OBJC_ARC = YES;
				CLANG_WARN_BLOCK_CAPTURE_AUTORELEASING = YES;
				CLANG_WARN_BOOL_CONVERSION = YES;
				CLANG_WARN_COMMA = YES;
				CLANG_WARN_CONSTANT_CONVERSION = YES;
				CLANG_WARN_DEPRECATED_OBJC_IMPLEMENTATIONS = YES;
				CLANG_WARN_DIRECT_OBJC_ISA_USAGE = YES_ERROR;
				CLANG_WARN_DOCUMENTATION_COMMENTS = YES;
				CLANG_WARN_EMPTY_BODY = YES;
				CLANG_WARN_ENUM_CONVERSION = YES;
				CLANG_WARN_INFINITE_RECURSION = YES;
				CLANG_WARN_INT_CONVERSION = YES;
				CLANG_WARN_NON_LITERAL_NULL_CONVERSION = YES;
				CLANG_WARN_OBJC_IMPLICIT_RETAIN_SELF = YES;
				CLANG_WARN_OBJC_LITERAL_CONVERSION = YES;
				CLANG_WARN_OBJC_ROOT_CLASS = YES_ERROR;
				CLANG_WARN_RANGE_LOOP_ANALYSIS = YES;
				CLANG_WARN_STRICT_PROTOTYPES = YES;
				CLANG_WARN_SUSPICIOUS_MOVE = YES;
				CLANG_WARN_UNREACHABLE_CODE = YES;
				CLANG_WARN__DUPLICATE_METHOD_MATCH = YES;
				"CODE_SIGN_IDENTITY[sdk=iphoneos*]" = "iPhone Developer";
				COPY_PHASE_STRIP = NO;
				CURRENT_PROJECT_VERSION = 1;
				DEBUG_INFORMATION_FORMAT = dwarf;
				ENABLE_STRICT_OBJC_MSGSEND = YES;
				ENABLE_TESTABILITY = YES;
				GCC_C_LANGUAGE_STANDARD = gnu99;
				GCC_DYNAMIC_NO_PIC = NO;
				GCC_NO_COMMON_BLOCKS = YES;
				GCC_OPTIMIZATION_LEVEL = 0;
				GCC_PREPROCESSOR_DEFINITIONS = (
					"DEBUG=1",
					"$(inherited)",
				);
				GCC_WARN_64_TO_32_BIT_CONVERSION = YES;
				GCC_WARN_ABOUT_RETURN_TYPE = YES_ERROR;
				GCC_WARN_UNDECLARED_SELECTOR = YES;
				GCC_WARN_UNINITIALIZED_AUTOS = YES_AGGRESSIVE;
				GCC_WARN_UNUSED_FUNCTION = YES;
				GCC_WARN_UNUSED_VARIABLE = YES;
				IPHONEOS_DEPLOYMENT_TARGET = 8.0;
				MTL_ENABLE_DEBUG_INFO = YES;
				ONLY_ACTIVE_ARCH = YES;
				SDKROOT = iphoneos;
				SWIFT_ACTIVE_COMPILATION_CONDITIONS = DEBUG;
				SWIFT_OPTIMIZATION_LEVEL = "-Onone";
				TARGETED_DEVICE_FAMILY = "1,2";
				VERSIONING_SYSTEM = "apple-generic";
				VERSION_INFO_PREFIX = "";
			};
			name = Debug;
		};
		0E13CA481F3325760078BCBF /* Release */ = {
			isa = XCBuildConfiguration;
			buildSettings = {
				ALWAYS_SEARCH_USER_PATHS = NO;
				CLANG_ANALYZER_NONNULL = YES;
				CLANG_ANALYZER_NUMBER_OBJECT_CONVERSION = YES_AGGRESSIVE;
				CLANG_CXX_LANGUAGE_STANDARD = "gnu++0x";
				CLANG_CXX_LIBRARY = "libc++";
				CLANG_ENABLE_MODULES = YES;
				CLANG_ENABLE_OBJC_ARC = YES;
				CLANG_WARN_BLOCK_CAPTURE_AUTORELEASING = YES;
				CLANG_WARN_BOOL_CONVERSION = YES;
				CLANG_WARN_COMMA = YES;
				CLANG_WARN_CONSTANT_CONVERSION = YES;
				CLANG_WARN_DEPRECATED_OBJC_IMPLEMENTATIONS = YES;
				CLANG_WARN_DIRECT_OBJC_ISA_USAGE = YES_ERROR;
				CLANG_WARN_DOCUMENTATION_COMMENTS = YES;
				CLANG_WARN_EMPTY_BODY = YES;
				CLANG_WARN_ENUM_CONVERSION = YES;
				CLANG_WARN_INFINITE_RECURSION = YES;
				CLANG_WARN_INT_CONVERSION = YES;
				CLANG_WARN_NON_LITERAL_NULL_CONVERSION = YES;
				CLANG_WARN_OBJC_IMPLICIT_RETAIN_SELF = YES;
				CLANG_WARN_OBJC_LITERAL_CONVERSION = YES;
				CLANG_WARN_OBJC_ROOT_CLASS = YES_ERROR;
				CLANG_WARN_RANGE_LOOP_ANALYSIS = YES;
				CLANG_WARN_STRICT_PROTOTYPES = YES;
				CLANG_WARN_SUSPICIOUS_MOVE = YES;
				CLANG_WARN_UNREACHABLE_CODE = YES;
				CLANG_WARN__DUPLICATE_METHOD_MATCH = YES;
				"CODE_SIGN_IDENTITY[sdk=iphoneos*]" = "iPhone Developer";
				COPY_PHASE_STRIP = NO;
				CURRENT_PROJECT_VERSION = 1;
				DEBUG_INFORMATION_FORMAT = "dwarf-with-dsym";
				ENABLE_NS_ASSERTIONS = NO;
				ENABLE_STRICT_OBJC_MSGSEND = YES;
				GCC_C_LANGUAGE_STANDARD = gnu99;
				GCC_NO_COMMON_BLOCKS = YES;
				GCC_WARN_64_TO_32_BIT_CONVERSION = YES;
				GCC_WARN_ABOUT_RETURN_TYPE = YES_ERROR;
				GCC_WARN_UNDECLARED_SELECTOR = YES;
				GCC_WARN_UNINITIALIZED_AUTOS = YES_AGGRESSIVE;
				GCC_WARN_UNUSED_FUNCTION = YES;
				GCC_WARN_UNUSED_VARIABLE = YES;
				IPHONEOS_DEPLOYMENT_TARGET = 8.0;
				MTL_ENABLE_DEBUG_INFO = NO;
				SDKROOT = iphoneos;
				SWIFT_OPTIMIZATION_LEVEL = "-Owholemodule";
				TARGETED_DEVICE_FAMILY = "1,2";
				VALIDATE_PRODUCT = YES;
				VERSIONING_SYSTEM = "apple-generic";
				VERSION_INFO_PREFIX = "";
			};
			name = Release;
		};
		0E13CA4A1F3325760078BCBF /* Debug */ = {
			isa = XCBuildConfiguration;
			buildSettings = {
				CODE_SIGN_IDENTITY = "";
				DEFINES_MODULE = YES;
				DYLIB_COMPATIBILITY_VERSION = 1;
				DYLIB_CURRENT_VERSION = 1;
				DYLIB_INSTALL_NAME_BASE = "@rpath";
				FRAMEWORK_SEARCH_PATHS = "$(inherited)";
				INFOPLIST_FILE = PocketNet/Info.plist;
				INSTALL_PATH = "$(LOCAL_LIBRARY_DIR)/Frameworks";
				IPHONEOS_DEPLOYMENT_TARGET = 8.0;
				LD_RUNPATH_SEARCH_PATHS = "$(inherited) @executable_path/Frameworks @loader_path/Frameworks";
				PRODUCT_BUNDLE_IDENTIFIER = com.PocketSwift.PocketNet;
				PRODUCT_NAME = "$(TARGET_NAME)";
				SKIP_INSTALL = YES;
				SWIFT_VERSION = 4.0;
			};
			name = Debug;
		};
		0E13CA4B1F3325760078BCBF /* Release */ = {
			isa = XCBuildConfiguration;
			buildSettings = {
				CODE_SIGN_IDENTITY = "";
				DEFINES_MODULE = YES;
				DYLIB_COMPATIBILITY_VERSION = 1;
				DYLIB_CURRENT_VERSION = 1;
				DYLIB_INSTALL_NAME_BASE = "@rpath";
				FRAMEWORK_SEARCH_PATHS = "$(inherited)";
				INFOPLIST_FILE = PocketNet/Info.plist;
				INSTALL_PATH = "$(LOCAL_LIBRARY_DIR)/Frameworks";
				IPHONEOS_DEPLOYMENT_TARGET = 8.0;
				LD_RUNPATH_SEARCH_PATHS = "$(inherited) @executable_path/Frameworks @loader_path/Frameworks";
				PRODUCT_BUNDLE_IDENTIFIER = com.PocketSwift.PocketNet;
				PRODUCT_NAME = "$(TARGET_NAME)";
				SKIP_INSTALL = YES;
				SWIFT_VERSION = 4.0;
			};
			name = Release;
		};
		0E13CA4D1F3325760078BCBF /* Debug */ = {
			isa = XCBuildConfiguration;
			buildSettings = {
				ALWAYS_EMBED_SWIFT_STANDARD_LIBRARIES = "$(inherited)";
				INFOPLIST_FILE = PocketNetTests/Info.plist;
				LD_RUNPATH_SEARCH_PATHS = "$(inherited) @executable_path/Frameworks @loader_path/Frameworks";
				PRODUCT_BUNDLE_IDENTIFIER = com.PocketSwift.PocketNetTests;
				PRODUCT_NAME = "$(TARGET_NAME)";
				SWIFT_VERSION = 4.0;
			};
			name = Debug;
		};
		0E13CA4E1F3325760078BCBF /* Release */ = {
			isa = XCBuildConfiguration;
			buildSettings = {
				ALWAYS_EMBED_SWIFT_STANDARD_LIBRARIES = "$(inherited)";
				INFOPLIST_FILE = PocketNetTests/Info.plist;
				LD_RUNPATH_SEARCH_PATHS = "$(inherited) @executable_path/Frameworks @loader_path/Frameworks";
				PRODUCT_BUNDLE_IDENTIFIER = com.PocketSwift.PocketNetTests;
				PRODUCT_NAME = "$(TARGET_NAME)";
				SWIFT_VERSION = 4.0;
			};
			name = Release;
		};
/* End XCBuildConfiguration section */

/* Begin XCConfigurationList section */
		0E13CA2F1F3325750078BCBF /* Build configuration list for PBXProject "PocketNet" */ = {
			isa = XCConfigurationList;
			buildConfigurations = (
				0E13CA471F3325760078BCBF /* Debug */,
				0E13CA481F3325760078BCBF /* Release */,
			);
			defaultConfigurationIsVisible = 0;
			defaultConfigurationName = Release;
		};
		0E13CA491F3325760078BCBF /* Build configuration list for PBXNativeTarget "PocketNet" */ = {
			isa = XCConfigurationList;
			buildConfigurations = (
				0E13CA4A1F3325760078BCBF /* Debug */,
				0E13CA4B1F3325760078BCBF /* Release */,
			);
			defaultConfigurationIsVisible = 0;
			defaultConfigurationName = Release;
		};
		0E13CA4C1F3325760078BCBF /* Build configuration list for PBXNativeTarget "PocketNetTests" */ = {
			isa = XCConfigurationList;
			buildConfigurations = (
				0E13CA4D1F3325760078BCBF /* Debug */,
				0E13CA4E1F3325760078BCBF /* Release */,
			);
			defaultConfigurationIsVisible = 0;
			defaultConfigurationName = Release;
		};
/* End XCConfigurationList section */
	};
	rootObject = 0E13CA2C1F3325750078BCBF /* Project object */;
}
